
Microsoft Visual Studio Solution File, Format Version 12.00
# Visual Studio Version 17
VisualStudioVersion = 17.11.35312.102
MinimumVisualStudioVersion = 10.0.40219.1
Project("{FAE04EC0-301F-11D3-BF4B-00C04F79EFBC}") = "StatusTrackerResync", "StatusTrackerResync\StatusTrackerResync.csproj", "{F83BB174-6ECF-4474-BEC8-1C31D3147113}"
EndProject
Global
	GlobalSection(SolutionConfigurationPlatforms) = preSolution
		Debug|Any CPU = Debug|Any CPU
		Release|Any CPU = Release|Any CPU
	EndGlobalSection
	GlobalSection(ProjectConfigurationPlatforms) = postSolution
		{F83BB174-6ECF-4474-BEC8-1C31D3147113}.Debug|Any CPU.ActiveCfg = Debug|Any CPU
		{F83BB174-6ECF-4474-BEC8-1C31D3147113}.Debug|Any CPU.Build.0 = Debug|Any CPU
		{F83BB174-6ECF-4474-BEC8-1C31D3147113}.Release|Any CPU.ActiveCfg = Release|Any CPU
		{F83BB174-6ECF-4474-BEC8-1C31D3147113}.Release|Any CPU.Build.0 = Release|Any CPU
	EndGlobalSection
	GlobalSection(SolutionProperties) = preSolution
		HideSolutionNode = FALSE
	EndGlobalSection
	GlobalSection(ExtensibilityGlobals) = postSolution
		SolutionGuid = {9E42CC9E-0C39-453D-AC96-DB0600295323}
	EndGlobalSection
EndGlobal
